
Microsoft Visual Studio Solution File, Format Version 12.00
Project("{FAE04EC0-301F-11D3-BF4B-00C04F79EFBC}") = "Examples", "Examples\Examples.csproj", "{969BFD7C-C12F-4D7A-BC2A-76E0530F815E}"
EndProject
Project("{FAE04EC0-301F-11D3-BF4B-00C04F79EFBC}") = "Tests", "Tests\Tests.csproj", "{FAB5CC8A-817B-4794-850F-89E54F190228}"
EndProject
Global
	GlobalSection(SolutionConfigurationPlatforms) = preSolution
		Debug|Any CPU = Debug|Any CPU
		Release|Any CPU = Release|Any CPU
	EndGlobalSection
	GlobalSection(ProjectConfigurationPlatforms) = postSolution
		{969BFD7C-C12F-4D7A-BC2A-76E0530F815E}.Debug|Any CPU.ActiveCfg = Debug|Any CPU
		{969BFD7C-C12F-4D7A-BC2A-76E0530F815E}.Debug|Any CPU.Build.0 = Debug|Any CPU
		{969BFD7C-C12F-4D7A-BC2A-76E0530F815E}.Release|Any CPU.ActiveCfg = Release|Any CPU
		{969BFD7C-C12F-4D7A-BC2A-76E0530F815E}.Release|Any CPU.Build.0 = Release|Any CPU
		{FAB5CC8A-817B-4794-850F-89E54F190228}.Debug|Any CPU.ActiveCfg = Debug|Any CPU
		{FAB5CC8A-817B-4794-850F-89E54F190228}.Debug|Any CPU.Build.0 = Debug|Any CPU
		{FAB5CC8A-817B-4794-850F-89E54F190228}.Release|Any CPU.ActiveCfg = Release|Any CPU
		{FAB5CC8A-817B-4794-850F-89E54F190228}.Release|Any CPU.Build.0 = Release|Any CPU
	EndGlobalSection
EndGlobal
